
Microsoft Visual Studio Solution File, Format Version 12.00
# Visual Studio Version 17
VisualStudioVersion = 17.8.34511.84
MinimumVisualStudioVersion = 10.0.40219.1
Project("{FAE04EC0-301F-11D3-BF4B-00C04F79EFBC}") = "week2_2280602627", "week2_2280602627\week2_2280602627.csproj", "{97D3F63B-B7D2-4DD1-8B8F-044E363E8FB9}"
EndProject
Global
	GlobalSection(SolutionConfigurationPlatforms) = preSolution
		Debug|Any CPU = Debug|Any CPU
		Release|Any CPU = Release|Any CPU
	EndGlobalSection
	GlobalSection(ProjectConfigurationPlatforms) = postSolution
		{97D3F63B-B7D2-4DD1-8B8F-044E363E8FB9}.Debug|Any CPU.ActiveCfg = Debug|Any CPU
		{97D3F63B-B7D2-4DD1-8B8F-044E363E8FB9}.Debug|Any CPU.Build.0 = Debug|Any CPU
		{97D3F63B-B7D2-4DD1-8B8F-044E363E8FB9}.Release|Any CPU.ActiveCfg = Release|Any CPU
		{97D3F63B-B7D2-4DD1-8B8F-044E363E8FB9}.Release|Any CPU.Build.0 = Release|Any CPU
	EndGlobalSection
	GlobalSection(SolutionProperties) = preSolution
		HideSolutionNode = FALSE
	EndGlobalSection
	GlobalSection(ExtensibilityGlobals) = postSolution
		SolutionGuid = {3303FDBC-7A8F-404B-B0AB-4F089D045E6B}
	EndGlobalSection
EndGlobal
